PODS:
  - InstantSearchVoiceOverlay (1.2.0)

DEPENDENCIES:
  - InstantSearchVoiceOverlay

SPEC REPOS:
  trunk:
    - InstantSearchVoiceOverlay

SPEC CHECKSUMS:
  InstantSearchVoiceOverlay: d9d5db7314ec8416dcf4ed49df2000e8ee0abe2b

PODFILE CHECKSUM: a3a3243bed054d9bb92942958d16277ce7769ec0

COCOAPODS: 1.11.3
